
Microsoft Visual Studio Solution File, Format Version 12.00
# Visual Studio Version 17
VisualStudioVersion = 17.8.34330.188
MinimumVisualStudioVersion = 10.0.40219.1
Project("{9A19103F-16F7-4668-BE54-9A1E7A4F7556}") = "Verifica_numero", "BRQ_TEST\Verifica_numero.csproj", "{C3B41738-BD80-4A94-8533-FBA53239EC0B}"
EndProject
Global
	GlobalSection(SolutionConfigurationPlatforms) = preSolution
		Debug|Any CPU = Debug|Any CPU
		Release|Any CPU = Release|Any CPU
	EndGlobalSection
	GlobalSection(ProjectConfigurationPlatforms) = postSolution
		{C3B41738-BD80-4A94-8533-FBA53239EC0B}.Debug|Any CPU.ActiveCfg = Debug|Any CPU
		{C3B41738-BD80-4A94-8533-FBA53239EC0B}.Debug|Any CPU.Build.0 = Debug|Any CPU
		{C3B41738-BD80-4A94-8533-FBA53239EC0B}.Release|Any CPU.ActiveCfg = Release|Any CPU
		{C3B41738-BD80-4A94-8533-FBA53239EC0B}.Release|Any CPU.Build.0 = Release|Any CPU
	EndGlobalSection
	GlobalSection(SolutionProperties) = preSolution
		HideSolutionNode = FALSE
	EndGlobalSection
	GlobalSection(ExtensibilityGlobals) = postSolution
		SolutionGuid = {8EB1E431-BACE-4647-9F77-C250D229667F}
	EndGlobalSection
EndGlobal
